// !$*UTF8*$!
{
	archiveVersion = 1;
	classes = {
	};
	objectVersion = 55;
	objects = {

/* Begin PBXBuildFile section */
		D8E0BDE426FD8ACD006D7F49 /* AppDelegate.swift in Sources */ = {isa = PBXBuildFile; fileRef = D8E0BDE326FD8ACD006D7F49 /* AppDelegate.swift */; };
		D8E0BDE626FD8ACD006D7F49 /* SceneDelegate.swift in Sources */ = {isa = PBXBuildFile; fileRef = D8E0BDE526FD8ACD006D7F49 /* SceneDelegate.swift */; };
		D8E0BDE826FD8ACD006D7F49 /* ViewController.swift in Sources */ = {isa = PBXBuildFile; fileRef = D8E0BDE726FD8ACD006D7F49 /* ViewController.swift */; };
		D8E0BDEB26FD8ACD006D7F49 /* Main.storyboard in Resources */ = {isa = PBXBuildFile; fileRef = D8E0BDE926FD8ACD006D7F49 /* Main.storyboard */; };
		D8E0BDED26FD8ACE006D7F49 /* Assets.xcassets in Resources */ = {isa = PBXBuildFile; fileRef = D8E0BDEC26FD8ACE006D7F49 /* Assets.xcassets */; };
		D8E0BDF026FD8ACE006D7F49 /* LaunchScreen.storyboard in Resources */ = {isa = PBXBuildFile; fileRef = D8E0BDEE26FD8ACE006D7F49 /* LaunchScreen.storyboard */; };
		D8E0BDFB26FD8ACF006D7F49 /* ExperienceTodoTests.swift in Sources */ = {isa = PBXBuildFile; fileRef = D8E0BDFA26FD8ACF006D7F49 /* ExperienceTodoTests.swift */; };
		D8E0BE0526FD8ACF006D7F49 /* ExperienceTodoUITests.swift in Sources */ = {isa = PBXBuildFile; fileRef = D8E0BE0426FD8ACF006D7F49 /* ExperienceTodoUITests.swift */; };
		D8E0BE0726FD8ACF006D7F49 /* ExperienceTodoUITestsLaunchTests.swift in Sources */ = {isa = PBXBuildFile; fileRef = D8E0BE0626FD8ACF006D7F49 /* ExperienceTodoUITestsLaunchTests.swift */; };
/* End PBXBuildFile section */

/* Begin PBXContainerItemProxy section */
		D8E0BDF726FD8ACF006D7F49 /* PBXContainerItemProxy */ = {
			isa = PBXContainerItemProxy;
			containerPortal = D8E0BDD826FD8ACD006D7F49 /* Project object */;
			proxyType = 1;
			remoteGlobalIDString = D8E0BDDF26FD8ACD006D7F49;
			remoteInfo = ExperienceTodo;
		};
		D8E0BE0126FD8ACF006D7F49 /* PBXContainerItemProxy */ = {
			isa = PBXContainerItemProxy;
			containerPortal = D8E0BDD826FD8ACD006D7F49 /* Project object */;
			proxyType = 1;
			remoteGlobalIDString = D8E0BDDF26FD8ACD006D7F49;
			remoteInfo = ExperienceTodo;
		};
/* End PBXContainerItemProxy section */

/* Begin PBXFileReference section */
		D8E0BDE026FD8ACD006D7F49 /* ExperienceTodo.app */ = {isa = PBXFileReference; explicitFileType = wrapper.application; includeInIndex = 0; path = ExperienceTodo.app; sourceTree = BUILT_PRODUCTS_DIR; };
		D8E0BDE326FD8ACD006D7F49 /* AppDelegate.swift */ = {isa = PBXFileReference; lastKnownFileType = sourcecode.swift; path = AppDelegate.swift; sourceTree = "<group>"; };
		D8E0BDE526FD8ACD006D7F49 /* SceneDelegate.swift */ = {isa = PBXFileReference; lastKnownFileType = sourcecode.swift; path = SceneDelegate.swift; sourceTree = "<group>"; };
		D8E0BDE726FD8ACD006D7F49 /* ViewController.swift */ = {isa = PBXFileReference; lastKnownFileType = sourcecode.swift; path = ViewController.swift; sourceTree = "<group>"; };
		D8E0BDEA26FD8ACD006D7F49 /* Base */ = {isa = PBXFileReference; lastKnownFileType = file.storyboard; name = Base; path = Base.lproj/Main.storyboard; sourceTree = "<group>"; };
		D8E0BDEC26FD8ACE006D7F49 /* Assets.xcassets */ = {isa = PBXFileReference; lastKnownFileType = folder.assetcatalog; path = Assets.xcassets; sourceTree = "<group>"; };
		D8E0BDEF26FD8ACE006D7F49 /* Base */ = {isa = PBXFileReference; lastKnownFileType = file.storyboard; name = Base; path = Base.lproj/LaunchScreen.storyboard; sourceTree = "<group>"; };
		D8E0BDF126FD8ACE006D7F49 /* Info.plist */ = {isa = PBXFileReference; lastKnownFileType = text.plist.xml; path = Info.plist; sourceTree = "<group>"; };
		D8E0BDF626FD8ACF006D7F49 /* ExperienceTodoTests.xctest */ = {isa = PBXFileReference; explicitFileType = wrapper.cfbundle; includeInIndex = 0; path = ExperienceTodoTests.xctest; sourceTree = BUILT_PRODUCTS_DIR; };
		D8E0BDFA26FD8ACF006D7F49 /* ExperienceTodoTests.swift */ = {isa = PBXFileReference; lastKnownFileType = sourcecode.swift; path = ExperienceTodoTests.swift; sourceTree = "<group>"; };
		D8E0BE0026FD8ACF006D7F49 /* ExperienceTodoUITests.xctest */ = {isa = PBXFileReference; explicitFileType = wrapper.cfbundle; includeInIndex = 0; path = ExperienceTodoUITests.xctest; sourceTree = BUILT_PRODUCTS_DIR; };
		D8E0BE0426FD8ACF006D7F49 /* ExperienceTodoUITests.swift */ = {isa = PBXFileReference; lastKnownFileType = sourcecode.swift; path = ExperienceTodoUITests.swift; sourceTree = "<group>"; };
		D8E0BE0626FD8ACF006D7F49 /* ExperienceTodoUITestsLaunchTests.swift */ = {isa = PBXFileReference; lastKnownFileType = sourcecode.swift; path = ExperienceTodoUITestsLaunchTests.swift; sourceTree = "<group>"; };
/* End PBXFileReference section */

/* Begin PBXFrameworksBuildPhase section */
		D8E0BDDD26FD8ACD006D7F49 /* Frameworks */ = {
			isa = PBXFrameworksBuildPhase;
			buildActionMask = 2147483647;
			files = (
			);
			runOnlyForDeploymentPostprocessing = 0;
		};
		D8E0BDF326FD8ACF006D7F49 /* Frameworks */ = {
			isa = PBXFrameworksBuildPhase;
			buildActionMask = 2147483647;
			files = (
			);
			runOnlyForDeploymentPostprocessing = 0;
		};
		D8E0BDFD26FD8ACF006D7F49 /* Frameworks */ = {
			isa = PBXFrameworksBuildPhase;
			buildActionMask = 2147483647;
			files = (
			);
			runOnlyForDeploymentPostprocessing = 0;
		};
/* End PBXFrameworksBuildPhase section */

/* Begin PBXGroup section */
		D8E0BDD726FD8ACD006D7F49 = {
			isa = PBXGroup;
			children = (
				D8E0BDE226FD8ACD006D7F49 /* ExperienceTodo */,
				D8E0BDF926FD8ACF006D7F49 /* ExperienceTodoTests */,
				D8E0BE0326FD8ACF006D7F49 /* ExperienceTodoUITests */,
				D8E0BDE126FD8ACD006D7F49 /* Products */,
			);
			sourceTree = "<group>";
		};
		D8E0BDE126FD8ACD006D7F49 /* Products */ = {
			isa = PBXGroup;
			children = (
				D8E0BDE026FD8ACD006D7F49 /* ExperienceTodo.app */,
				D8E0BDF626FD8ACF006D7F49 /* ExperienceTodoTests.xctest */,
				D8E0BE0026FD8ACF006D7F49 /* ExperienceTodoUITests.xctest */,
			);
			name = Products;
			sourceTree = "<group>";
		};
		D8E0BDE226FD8ACD006D7F49 /* ExperienceTodo */ = {
			isa = PBXGroup;
			children = (
				D8E0BDE326FD8ACD006D7F49 /* AppDelegate.swift */,
				D8E0BDE526FD8ACD006D7F49 /* SceneDelegate.swift */,
				D8E0BDE726FD8ACD006D7F49 /* ViewController.swift */,
				D8E0BDE926FD8ACD006D7F49 /* Main.storyboard */,
				D8E0BDEC26FD8ACE006D7F49 /* Assets.xcassets */,
				D8E0BDEE26FD8ACE006D7F49 /* LaunchScreen.storyboard */,
				D8E0BDF126FD8ACE006D7F49 /* Info.plist */,
			);
			path = ExperienceTodo;
			sourceTree = "<group>";
		};
		D8E0BDF926FD8ACF006D7F49 /* ExperienceTodoTests */ = {
			isa = PBXGroup;
			children = (
				D8E0BDFA26FD8ACF006D7F49 /* ExperienceTodoTests.swift */,
			);
			path = ExperienceTodoTests;
			sourceTree = "<group>";
		};
		D8E0BE0326FD8ACF006D7F49 /* ExperienceTodoUITests */ = {
			isa = PBXGroup;
			children = (
				D8E0BE0426FD8ACF006D7F49 /* ExperienceTodoUITests.swift */,
				D8E0BE0626FD8ACF006D7F49 /* ExperienceTodoUITestsLaunchTests.swift */,
			);
			path = ExperienceTodoUITests;
			sourceTree = "<group>";
		};
/* End PBXGroup section */

/* Begin PBXNativeTarget section */
		D8E0BDDF26FD8ACD006D7F49 /* ExperienceTodo */ = {
			isa = PBXNativeTarget;
			buildConfigurationList = D8E0BE0A26FD8ACF006D7F49 /* Build configuration list for PBXNativeTarget "ExperienceTodo" */;
			buildPhases = (
				D8E0BDDC26FD8ACD006D7F49 /* Sources */,
				D8E0BDDD26FD8ACD006D7F49 /* Frameworks */,
				D8E0BDDE26FD8ACD006D7F49 /* Resources */,
			);
			buildRules = (
			);
			dependencies = (
			);
			name = ExperienceTodo;
			productName = ExperienceTodo;
			productReference = D8E0BDE026FD8ACD006D7F49 /* ExperienceTodo.app */;
			productType = "com.apple.product-type.application";
		};
		D8E0BDF526FD8ACF006D7F49 /* ExperienceTodoTests */ = {
			isa = PBXNativeTarget;
			buildConfigurationList = D8E0BE0D26FD8ACF006D7F49 /* Build configuration list for PBXNativeTarget "ExperienceTodoTests" */;
			buildPhases = (
				D8E0BDF226FD8ACF006D7F49 /* Sources */,
				D8E0BDF326FD8ACF006D7F49 /* Frameworks */,
				D8E0BDF426FD8ACF006D7F49 /* Resources */,
			);
			buildRules = (
			);
			dependencies = (
				D8E0BDF826FD8ACF006D7F49 /* PBXTargetDependency */,
			);
			name = ExperienceTodoTests;
			productName = ExperienceTodoTests;
			productReference = D8E0BDF626FD8ACF006D7F49 /* ExperienceTodoTests.xctest */;
			productType = "com.apple.product-type.bundle.unit-test";
		};
		D8E0BDFF26FD8ACF006D7F49 /* ExperienceTodoUITests */ = {
			isa = PBXNativeTarget;
			buildConfigurationList = D8E0BE1026FD8ACF006D7F49 /* Build configuration list for PBXNativeTarget "ExperienceTodoUITests" */;
			buildPhases = (
				D8E0BDFC26FD8ACF006D7F49 /* Sources */,
				D8E0BDFD26FD8ACF006D7F49 /* Frameworks */,
				D8E0BDFE26FD8ACF006D7F49 /* Resources */,
			);
			buildRules = (
			);
			dependencies = (
				D8E0BE0226FD8ACF006D7F49 /* PBXTargetDependency */,
			);
			name = ExperienceTodoUITests;
			productName = ExperienceTodoUITests;
			productReference = D8E0BE0026FD8ACF006D7F49 /* ExperienceTodoUITests.xctest */;
			productType = "com.apple.product-type.bundle.ui-testing";
		};
/* End PBXNativeTarget section */

/* Begin PBXProject section */
		D8E0BDD826FD8ACD006D7F49 /* Project object */ = {
			isa = PBXProject;
			attributes = {
				BuildIndependentTargetsInParallel = 1;
				LastSwiftUpdateCheck = 1300;
				LastUpgradeCheck = 1300;
				TargetAttributes = {
					D8E0BDDF26FD8ACD006D7F49 = {
						CreatedOnToolsVersion = 13.0;
					};
					D8E0BDF526FD8ACF006D7F49 = {
						CreatedOnToolsVersion = 13.0;
						TestTargetID = D8E0BDDF26FD8ACD006D7F49;
					};
					D8E0BDFF26FD8ACF006D7F49 = {
						CreatedOnToolsVersion = 13.0;
						TestTargetID = D8E0BDDF26FD8ACD006D7F49;
					};
				};
			};
			buildConfigurationList = D8E0BDDB26FD8ACD006D7F49 /* Build configuration list for PBXProject "ExperienceTodo" */;
			compatibilityVersion = "Xcode 13.0";
			developmentRegion = en;
			hasScannedForEncodings = 0;
			knownRegions = (
				en,
				Base,
			);
			mainGroup = D8E0BDD726FD8ACD006D7F49;
			productRefGroup = D8E0BDE126FD8ACD006D7F49 /* Products */;
			projectDirPath = "";
			projectRoot = "";
			targets = (
				D8E0BDDF26FD8ACD006D7F49 /* ExperienceTodo */,
				D8E0BDF526FD8ACF006D7F49 /* ExperienceTodoTests */,
				D8E0BDFF26FD8ACF006D7F49 /* ExperienceTodoUITests */,
			);
		};
/* End PBXProject section */

/* Begin PBXResourcesBuildPhase section */
		D8E0BDDE26FD8ACD006D7F49 /* Resources */ = {
			isa = PBXResourcesBuildPhase;
			buildActionMask = 2147483647;
			files = (
				D8E0BDF026FD8ACE006D7F49 /* LaunchScreen.storyboard in Resources */,
				D8E0BDED26FD8ACE006D7F49 /* Assets.xcassets in Resources */,
				D8E0BDEB26FD8ACD006D7F49 /* Main.storyboard in Resources */,
			);
			runOnlyForDeploymentPostprocessing = 0;
		};
		D8E0BDF426FD8ACF006D7F49 /* Resources */ = {
			isa = PBXResourcesBuildPhase;
			buildActionMask = 2147483647;
			files = (
			);
			runOnlyForDeploymentPostprocessing = 0;
		};
		D8E0BDFE26FD8ACF006D7F49 /* Resources */ = {
			isa = PBXResourcesBuildPhase;
			buildActionMask = 2147483647;
			files = (
			);
			runOnlyForDeploymentPostprocessing = 0;
		};
/* End PBXResourcesBuildPhase section */

/* Begin PBXSourcesBuildPhase section */
		D8E0BDDC26FD8ACD006D7F49 /* Sources */ = {
			isa = PBXSourcesBuildPhase;
			buildActionMask = 2147483647;
			files = (
				D8E0BDE826FD8ACD006D7F49 /* ViewController.swift in Sources */,
				D8E0BDE426FD8ACD006D7F49 /* AppDelegate.swift in Sources */,
				D8E0BDE626FD8ACD006D7F49 /* SceneDelegate.swift in Sources */,
			);
			runOnlyForDeploymentPostprocessing = 0;
		};
		D8E0BDF226FD8ACF006D7F49 /* Sources */ = {
			isa = PBXSourcesBuildPhase;
			buildActionMask = 2147483647;
			files = (
				D8E0BDFB26FD8ACF006D7F49 /* ExperienceTodoTests.swift in Sources */,
			);
			runOnlyForDeploymentPostprocessing = 0;
		};
		D8E0BDFC26FD8ACF006D7F49 /* Sources */ = {
			isa = PBXSourcesBuildPhase;
			buildActionMask = 2147483647;
			files = (
				D8E0BE0726FD8ACF006D7F49 /* ExperienceTodoUITestsLaunchTests.swift in Sources */,
				D8E0BE0526FD8ACF006D7F49 /* ExperienceTodoUITests.swift in Sources */,
			);
			runOnlyForDeploymentPostprocessing = 0;
		};
/* End PBXSourcesBuildPhase section */

/* Begin PBXTargetDependency section */
		D8E0BDF826FD8ACF006D7F49 /* PBXTargetDependency */ = {
			isa = PBXTargetDependency;
			target = D8E0BDDF26FD8ACD006D7F49 /* ExperienceTodo */;
			targetProxy = D8E0BDF726FD8ACF006D7F49 /* PBXContainerItemProxy */;
		};
		D8E0BE0226FD8ACF006D7F49 /* PBXTargetDependency */ = {
			isa = PBXTargetDependency;
			target = D8E0BDDF26FD8ACD006D7F49 /* ExperienceTodo */;
			targetProxy = D8E0BE0126FD8ACF006D7F49 /* PBXContainerItemProxy */;
		};
/* End PBXTargetDependency section */

/* Begin PBXVariantGroup section */
		D8E0BDE926FD8ACD006D7F49 /* Main.storyboard */ = {
			isa = PBXVariantGroup;
			children = (
				D8E0BDEA26FD8ACD006D7F49 /* Base */,
			);
			name = Main.storyboard;
			sourceTree = "<group>";
		};
		D8E0BDEE26FD8ACE006D7F49 /* LaunchScreen.storyboard */ = {
			isa = PBXVariantGroup;
			children = (
				D8E0BDEF26FD8ACE006D7F49 /* Base */,
			);
			name = LaunchScreen.storyboard;
			sourceTree = "<group>";
		};
/* End PBXVariantGroup section */

/* Begin XCBuildConfiguration section */
		D8E0BE0826FD8ACF006D7F49 /* Debug */ = {
			isa = XCBuildConfiguration;
			buildSettings = {
				ALWAYS_SEARCH_USER_PATHS = NO;
				CLANG_ANALYZER_NONNULL = YES;
				CLANG_ANALYZER_NUMBER_OBJECT_CONVERSION = YES_AGGRESSIVE;
				CLANG_CXX_LANGUAGE_STANDARD = "gnu++17";
				CLANG_CXX_LIBRARY = "libc++";
				CLANG_ENABLE_MODULES = YES;
				CLANG_ENABLE_OBJC_ARC = YES;
				CLANG_ENABLE_OBJC_WEAK = YES;
				CLANG_WARN_BLOCK_CAPTURE_AUTORELEASING = YES;
				CLANG_WARN_BOOL_CONVERSION = YES;
				CLANG_WARN_COMMA = YES;
				CLANG_WARN_CONSTANT_CONVERSION = YES;
				CLANG_WARN_DEPRECATED_OBJC_IMPLEMENTATIONS = YES;
				CLANG_WARN_DIRECT_OBJC_ISA_USAGE = YES_ERROR;
				CLANG_WARN_DOCUMENTATION_COMMENTS = YES;
				CLANG_WARN_EMPTY_BODY = YES;
				CLANG_WARN_ENUM_CONVERSION = YES;
				CLANG_WARN_INFINITE_RECURSION = YES;
				CLANG_WARN_INT_CONVERSION = YES;
				CLANG_WARN_NON_LITERAL_NULL_CONVERSION = YES;
				CLANG_WARN_OBJC_IMPLICIT_RETAIN_SELF = YES;
				CLANG_WARN_OBJC_LITERAL_CONVERSION = YES;
				CLANG_WARN_OBJC_ROOT_CLASS = YES_ERROR;
				CLANG_WARN_QUOTED_INCLUDE_IN_FRAMEWORK_HEADER = YES;
				CLANG_WARN_RANGE_LOOP_ANALYSIS = YES;
				CLANG_WARN_STRICT_PROTOTYPES = YES;
				CLANG_WARN_SUSPICIOUS_MOVE = YES;
				CLANG_WARN_UNGUARDED_AVAILABILITY = YES_AGGRESSIVE;
				CLANG_WARN_UNREACHABLE_CODE = YES;
				CLANG_WARN__DUPLICATE_METHOD_MATCH = YES;
				COPY_PHASE_STRIP = NO;
				DEBUG_INFORMATION_FORMAT = dwarf;
				ENABLE_STRICT_OBJC_MSGSEND = YES;
				ENABLE_TESTABILITY = YES;
				GCC_C_LANGUAGE_STANDARD = gnu11;
				GCC_DYNAMIC_NO_PIC = NO;
				GCC_NO_COMMON_BLOCKS = YES;
				GCC_OPTIMIZATION_LEVEL = 0;
				GCC_PREPROCESSOR_DEFINITIONS = (
					"DEBUG=1",
					"$(inherited)",
				);
				GCC_WARN_64_TO_32_BIT_CONVERSION = YES;
				GCC_WARN_ABOUT_RETURN_TYPE = YES_ERROR;
				GCC_WARN_UNDECLARED_SELECTOR = YES;
				GCC_WARN_UNINITIALIZED_AUTOS = YES_AGGRESSIVE;
				GCC_WARN_UNUSED_FUNCTION = YES;
				GCC_WARN_UNUSED_VARIABLE = YES;
				IPHONEOS_DEPLOYMENT_TARGET = 15.0;
				MTL_ENABLE_DEBUG_INFO = INCLUDE_SOURCE;
				MTL_FAST_MATH = YES;
				ONLY_ACTIVE_ARCH = YES;
				SDKROOT = iphoneos;
				SWIFT_ACTIVE_COMPILATION_CONDITIONS = DEBUG;
				SWIFT_OPTIMIZATION_LEVEL = "-Onone";
			};
			name = Debug;
		};
		D8E0BE0926FD8ACF006D7F49 /* Release */ = {
			isa = XCBuildConfiguration;
			buildSettings = {
				ALWAYS_SEARCH_USER_PATHS = NO;
				CLANG_ANALYZER_NONNULL = YES;
				CLANG_ANALYZER_NUMBER_OBJECT_CONVERSION = YES_AGGRESSIVE;
				CLANG_CXX_LANGUAGE_STANDARD = "gnu++17";
				CLANG_CXX_LIBRARY = "libc++";
				CLANG_ENABLE_MODULES = YES;
				CLANG_ENABLE_OBJC_ARC = YES;
				CLANG_ENABLE_OBJC_WEAK = YES;
				CLANG_WARN_BLOCK_CAPTURE_AUTORELEASING = YES;
				CLANG_WARN_BOOL_CONVERSION = YES;
				CLANG_WARN_COMMA = YES;
				CLANG_WARN_CONSTANT_CONVERSION = YES;
				CLANG_WARN_DEPRECATED_OBJC_IMPLEMENTATIONS = YES;
				CLANG_WARN_DIRECT_OBJC_ISA_USAGE = YES_ERROR;
				CLANG_WARN_DOCUMENTATION_COMMENTS = YES;
				CLANG_WARN_EMPTY_BODY = YES;
				CLANG_WARN_ENUM_CONVERSION = YES;
				CLANG_WARN_INFINITE_RECURSION = YES;
				CLANG_WARN_INT_CONVERSION = YES;
				CLANG_WARN_NON_LITERAL_NULL_CONVERSION = YES;
				CLANG_WARN_OBJC_IMPLICIT_RETAIN_SELF = YES;
				CLANG_WARN_OBJC_LITERAL_CONVERSION = YES;
				CLANG_WARN_OBJC_ROOT_CLASS = YES_ERROR;
				CLANG_WARN_QUOTED_INCLUDE_IN_FRAMEWORK_HEADER = YES;
				CLANG_WARN_RANGE_LOOP_ANALYSIS = YES;
				CLANG_WARN_STRICT_PROTOTYPES = YES;
				CLANG_WARN_SUSPICIOUS_MOVE = YES;
				CLANG_WARN_UNGUARDED_AVAILABILITY = YES_AGGRESSIVE;
				CLANG_WARN_UNREACHABLE_CODE = YES;
				CLANG_WARN__DUPLICATE_METHOD_MATCH = YES;
				COPY_PHASE_STRIP = NO;
				DEBUG_INFORMATION_FORMAT = "dwarf-with-dsym";
				ENABLE_NS_ASSERTIONS = NO;
				ENABLE_STRICT_OBJC_MSGSEND = YES;
				GCC_C_LANGUAGE_STANDARD = gnu11;
				GCC_NO_COMMON_BLOCKS = YES;
				GCC_WARN_64_TO_32_BIT_CONVERSION = YES;
				GCC_WARN_ABOUT_RETURN_TYPE = YES_ERROR;
				GCC_WARN_UNDECLARED_SELECTOR = YES;
				GCC_WARN_UNINITIALIZED_AUTOS = YES_AGGRESSIVE;
				GCC_WARN_UNUSED_FUNCTION = YES;
				GCC_WARN_UNUSED_VARIABLE = YES;
				IPHONEOS_DEPLOYMENT_TARGET = 15.0;
				MTL_ENABLE_DEBUG_INFO = NO;
				MTL_FAST_MATH = YES;
				SDKROOT = iphoneos;
				SWIFT_COMPILATION_MODE = wholemodule;
				SWIFT_OPTIMIZATION_LEVEL = "-O";
				VALIDATE_PRODUCT = YES;
			};
			name = Release;
		};
		D8E0BE0B26FD8ACF006D7F49 /* Debug */ = {
			isa = XCBuildConfiguration;
			buildSettings = {
				ASSETCATALOG_COMPILER_APPICON_NAME = AppIcon;
				ASSETCATALOG_COMPILER_GLOBAL_ACCENT_COLOR_NAME = AccentColor;
				CODE_SIGN_STYLE = Automatic;
				CURRENT_PROJECT_VERSION = 1;
				DEVELOPMENT_TEAM = ZXZ96723Y7;
				GENERATE_INFOPLIST_FILE = YES;
				INFOPLIST_FILE = ExperienceTodo/Info.plist;
				INFOPLIST_KEY_UIApplicationSupportsIndirectInputEvents = YES;
				INFOPLIST_KEY_UILaunchStoryboardName = LaunchScreen;
				INFOPLIST_KEY_UIMainStoryboardFile = Main;
				INFOPLIST_KEY_UISupportedInterfaceOrientations = UIInterfaceOrientationPortrait;
				INFOPLIST_KEY_UISupportedInterfaceOrientations_iPad = "UIInterfaceOrientationPortrait UIInterfaceOrientationPortraitUpsideDown UIInterfaceOrientationLandscapeLeft UIInterfaceOrientationLandscapeRight";
				INFOPLIST_KEY_UISupportedInterfaceOrientations_iPhone = "UIInterfaceOrientationPortrait UIInterfaceOrientationLandscapeLeft UIInterfaceOrientationLandscapeRight";
				LD_RUNPATH_SEARCH_PATHS = (
					"$(inherited)",
					"@executable_path/Frameworks",
				);
				MARKETING_VERSION = 1.0;
				PRODUCT_BUNDLE_IDENTIFIER = com.ken.ExperienceTodo;
				PRODUCT_NAME = "$(TARGET_NAME)";
				SWIFT_EMIT_LOC_STRINGS = YES;
				SWIFT_VERSION = 5.0;
				TARGETED_DEVICE_FAMILY = 1;
			};
			name = Debug;
		};
		D8E0BE0C26FD8ACF006D7F49 /* Release */ = {
			isa = XCBuildConfiguration;
			buildSettings = {
				ASSETCATALOG_COMPILER_APPICON_NAME = AppIcon;
				ASSETCATALOG_COMPILER_GLOBAL_ACCENT_COLOR_NAME = AccentColor;
				CODE_SIGN_STYLE = Automatic;
				CURRENT_PROJECT_VERSION = 1;
				DEVELOPMENT_TEAM = ZXZ96723Y7;
				GENERATE_INFOPLIST_FILE = YES;
				INFOPLIST_FILE = ExperienceTodo/Info.plist;
				INFOPLIST_KEY_UIApplicationSupportsIndirectInputEvents = YES;
				INFOPLIST_KEY_UILaunchStoryboardName = LaunchScreen;
				INFOPLIST_KEY_UIMainStoryboardFile = Main;
				INFOPLIST_KEY_UISupportedInterfaceOrientations = UIInterfaceOrientationPortrait;
				INFOPLIST_KEY_UISupportedInterfaceOrientations_iPad = "UIInterfaceOrientationPortrait UIInterfaceOrientationPortraitUpsideDown UIInterfaceOrientationLandscapeLeft UIInterfaceOrientationLandscapeRight";
				INFOPLIST_KEY_UISupportedInterfaceOrientations_iPhone = "UIInterfaceOrientationPortrait UIInterfaceOrientationLandscapeLeft UIInterfaceOrientationLandscapeRight";
				LD_RUNPATH_SEARCH_PATHS = (
					"$(inherited)",
					"@executable_path/Frameworks",
				);
				MARKETING_VERSION = 1.0;
				PRODUCT_BUNDLE_IDENTIFIER = com.ken.ExperienceTodo;
				PRODUCT_NAME = "$(TARGET_NAME)";
				SWIFT_EMIT_LOC_STRINGS = YES;
				SWIFT_VERSION = 5.0;
				TARGETED_DEVICE_FAMILY = 1;
			};
			name = Release;
		};
		D8E0BE0E26FD8ACF006D7F49 /* Debug */ = {
			isa = XCBuildConfiguration;
			buildSettings = {
				ALWAYS_EMBED_SWIFT_STANDARD_LIBRARIES = YES;
				BUNDLE_LOADER = "$(TEST_HOST)";
				CODE_SIGN_STYLE = Automatic;
				CURRENT_PROJECT_VERSION = 1;
				DEVELOPMENT_TEAM = ZXZ96723Y7;
				GENERATE_INFOPLIST_FILE = YES;
				IPHONEOS_DEPLOYMENT_TARGET = 15.0;
				LD_RUNPATH_SEARCH_PATHS = (
					"$(inherited)",
					"@executable_path/Frameworks",
					"@loader_path/Frameworks",
				);
				MARKETING_VERSION = 1.0;
				PRODUCT_BUNDLE_IDENTIFIER = com.ken.ExperienceTodoTests;
				PRODUCT_NAME = "$(TARGET_NAME)";
				SWIFT_EMIT_LOC_STRINGS = NO;
				SWIFT_VERSION = 5.0;
				TARGETED_DEVICE_FAMILY = "1,2";
				TEST_HOST = "$(BUILT_PRODUCTS_DIR)/ExperienceTodo.app/ExperienceTodo";
			};
			name = Debug;
		};
		D8E0BE0F26FD8ACF006D7F49 /* Release */ = {
			isa = XCBuildConfiguration;
			buildSettings = {
				ALWAYS_EMBED_SWIFT_STANDARD_LIBRARIES = YES;
				BUNDLE_LOADER = "$(TEST_HOST)";
				CODE_SIGN_STYLE = Automatic;
				CURRENT_PROJECT_VERSION = 1;
				DEVELOPMENT_TEAM = ZXZ96723Y7;
				GENERATE_INFOPLIST_FILE = YES;
				IPHONEOS_DEPLOYMENT_TARGET = 15.0;
				LD_RUNPATH_SEARCH_PATHS = (
					"$(inherited)",
					"@executable_path/Frameworks",
					"@loader_path/Frameworks",
				);
				MARKETING_VERSION = 1.0;
				PRODUCT_BUNDLE_IDENTIFIER = com.ken.ExperienceTodoTests;
				PRODUCT_NAME = "$(TARGET_NAME)";
				SWIFT_EMIT_LOC_STRINGS = NO;
				SWIFT_VERSION = 5.0;
				TARGETED_DEVICE_FAMILY = "1,2";
				TEST_HOST = "$(BUILT_PRODUCTS_DIR)/ExperienceTodo.app/ExperienceTodo";
			};
			name = Release;
		};
		D8E0BE1126FD8ACF006D7F49 /* Debug */ = {
			isa = XCBuildConfiguration;
			buildSettings = {
				ALWAYS_EMBED_SWIFT_STANDARD_LIBRARIES = YES;
				CODE_SIGN_STYLE = Automatic;
				CURRENT_PROJECT_VERSION = 1;
				DEVELOPMENT_TEAM = ZXZ96723Y7;
				GENERATE_INFOPLIST_FILE = YES;
				LD_RUNPATH_SEARCH_PATHS = (
					"$(inherited)",
					"@executable_path/Frameworks",
					"@loader_path/Frameworks",
				);
				MARKETING_VERSION = 1.0;
				PRODUCT_BUNDLE_IDENTIFIER = com.ken.ExperienceTodoUITests;
				PRODUCT_NAME = "$(TARGET_NAME)";
				SWIFT_EMIT_LOC_STRINGS = NO;
				SWIFT_VERSION = 5.0;
				TARGETED_DEVICE_FAMILY = "1,2";
				TEST_TARGET_NAME = ExperienceTodo;
			};
			name = Debug;
		};
		D8E0BE1226FD8ACF006D7F49 /* Release */ = {
			isa = XCBuildConfiguration;
			buildSettings = {
				ALWAYS_EMBED_SWIFT_STANDARD_LIBRARIES = YES;
				CODE_SIGN_STYLE = Automatic;
				CURRENT_PROJECT_VERSION = 1;
				DEVELOPMENT_TEAM = ZXZ96723Y7;
				GENERATE_INFOPLIST_FILE = YES;
				LD_RUNPATH_SEARCH_PATHS = (
					"$(inherited)",
					"@executable_path/Frameworks",
					"@loader_path/Frameworks",
				);
				MARKETING_VERSION = 1.0;
				PRODUCT_BUNDLE_IDENTIFIER = com.ken.ExperienceTodoUITests;
				PRODUCT_NAME = "$(TARGET_NAME)";
				SWIFT_EMIT_LOC_STRINGS = NO;
				SWIFT_VERSION = 5.0;
				TARGETED_DEVICE_FAMILY = "1,2";
				TEST_TARGET_NAME = ExperienceTodo;
			};
			name = Release;
		};
/* End XCBuildConfiguration section */

/* Begin XCConfigurationList section */
		D8E0BDDB26FD8ACD006D7F49 /* Build configuration list for PBXProject "ExperienceTodo" */ = {
			isa = XCConfigurationList;
			buildConfigurations = (
				D8E0BE0826FD8ACF006D7F49 /* Debug */,
				D8E0BE0926FD8ACF006D7F49 /* Release */,
			);
			defaultConfigurationIsVisible = 0;
			defaultConfigurationName = Release;
		};
		D8E0BE0A26FD8ACF006D7F49 /* Build configuration list for PBXNativeTarget "ExperienceTodo" */ = {
			isa = XCConfigurationList;
			buildConfigurations = (
				D8E0BE0B26FD8ACF006D7F49 /* Debug */,
				D8E0BE0C26FD8ACF006D7F49 /* Release */,
			);
			defaultConfigurationIsVisible = 0;
			defaultConfigurationName = Release;
		};
		D8E0BE0D26FD8ACF006D7F49 /* Build configuration list for PBXNativeTarget "ExperienceTodoTests" */ = {
			isa = XCConfigurationList;
			buildConfigurations = (
				D8E0BE0E26FD8ACF006D7F49 /* Debug */,
				D8E0BE0F26FD8ACF006D7F49 /* Release */,
			);
			defaultConfigurationIsVisible = 0;
			defaultConfigurationName = Release;
		};
		D8E0BE1026FD8ACF006D7F49 /* Build configuration list for PBXNativeTarget "ExperienceTodoUITests" */ = {
			isa = XCConfigurationList;
			buildConfigurations = (
				D8E0BE1126FD8ACF006D7F49 /* Debug */,
				D8E0BE1226FD8ACF006D7F49 /* Release */,
			);
			defaultConfigurationIsVisible = 0;
			defaultConfigurationName = Release;
		};
/* End XCConfigurationList section */
	};
	rootObject = D8E0BDD826FD8ACD006D7F49 /* Project object */;
}
